
Microsoft Visual Studio Solution File, Format Version 12.00
# Visual Studio Version 16
VisualStudioVersion = 16.0.29102.190
MinimumVisualStudioVersion = 10.0.40219.1
Project("{FAE04EC0-301F-11D3-BF4B-00C04F79EFBC}") = "WindowsFormsApp1", "WindowsFormsApp1\WindowsFormsApp1.csproj", "{9737FDB7-23B8-42D1-83A3-3BAF34150929}"
EndProject
Global
	GlobalSection(SolutionConfigurationPlatforms) = preSolution
		Debug|Any CPU = Debug|Any CPU
		Release|Any CPU = Release|Any CPU
	EndGlobalSection
	GlobalSection(ProjectConfigurationPlatforms) = postSolution
		{9737FDB7-23B8-42D1-83A3-3BAF34150929}.Debug|Any CPU.ActiveCfg = Debug|Any CPU
		{9737FDB7-23B8-42D1-83A3-3BAF34150929}.Debug|Any CPU.Build.0 = Debug|Any CPU
		{9737FDB7-23B8-42D1-83A3-3BAF34150929}.Release|Any CPU.ActiveCfg = Release|Any CPU
		{9737FDB7-23B8-42D1-83A3-3BAF34150929}.Release|Any CPU.Build.0 = Release|Any CPU
	EndGlobalSection
	GlobalSection(SolutionProperties) = preSolution
		HideSolutionNode = FALSE
	EndGlobalSection
	GlobalSection(ExtensibilityGlobals) = postSolution
		SolutionGuid = {7C700B00-0B53-4F4E-A993-FADB88047589}
	EndGlobalSection
EndGlobal
